
Microsoft Visual Studio Solution File, Format Version 12.00
# Visual Studio Version 17
VisualStudioVersion = 17.3.32825.248
MinimumVisualStudioVersion = 10.0.40219.1
Project("{FAE04EC0-301F-11D3-BF4B-00C04F79EFBC}") = "StoreFront.UI.MVC", "StoreFront.UI.MVC\StoreFront.UI.MVC.csproj", "{B86B398D-1FD6-4EAA-BAB3-87DD766202EE}"
EndProject
Project("{FAE04EC0-301F-11D3-BF4B-00C04F79EFBC}") = "StoreFront.DATA.EF", "StoreFront.DATA.EF\StoreFront.DATA.EF.csproj", "{613498ED-1883-4422-A962-0BDE0AF2F1A9}"
EndProject
Global
	GlobalSection(SolutionConfigurationPlatforms) = preSolution
		Debug|Any CPU = Debug|Any CPU
		Release|Any CPU = Release|Any CPU
	EndGlobalSection
	GlobalSection(ProjectConfigurationPlatforms) = postSolution
		{B86B398D-1FD6-4EAA-BAB3-87DD766202EE}.Debug|Any CPU.ActiveCfg = Debug|Any CPU
		{B86B398D-1FD6-4EAA-BAB3-87DD766202EE}.Debug|Any CPU.Build.0 = Debug|Any CPU
		{B86B398D-1FD6-4EAA-BAB3-87DD766202EE}.Release|Any CPU.ActiveCfg = Release|Any CPU
		{B86B398D-1FD6-4EAA-BAB3-87DD766202EE}.Release|Any CPU.Build.0 = Release|Any CPU
		{613498ED-1883-4422-A962-0BDE0AF2F1A9}.Debug|Any CPU.ActiveCfg = Debug|Any CPU
		{613498ED-1883-4422-A962-0BDE0AF2F1A9}.Debug|Any CPU.Build.0 = Debug|Any CPU
		{613498ED-1883-4422-A962-0BDE0AF2F1A9}.Release|Any CPU.ActiveCfg = Release|Any CPU
		{613498ED-1883-4422-A962-0BDE0AF2F1A9}.Release|Any CPU.Build.0 = Release|Any CPU
	EndGlobalSection
	GlobalSection(SolutionProperties) = preSolution
		HideSolutionNode = FALSE
	EndGlobalSection
	GlobalSection(ExtensibilityGlobals) = postSolution
		SolutionGuid = {3163FCC2-440B-4A33-90B3-112E7B45118C}
	EndGlobalSection
EndGlobal
